{
  "requires": true,
  "lockfileVersion": 1,
  "dependencies": {
    "bootbox": {
      "version": "5.4.0",
      "resolved": "https://registry.npmjs.org/bootbox/-/bootbox-5.4.0.tgz",
      "integrity": "sha512-GCPrDwZpJsUnqzrto3ZURVafypl13+DAyE3YZx5jR5EIoTDSyREPhr77hlCuPKvM6VvXR5Mh/34W3DYMC7JE9g==",
      "requires": {
        "bootstrap": "^4.4.0",
        "jquery": "^3.4.1",
        "popper.js": "^1.16.0"
      }
    },
    "bootstrap": {
      "version": "4.5.0",
      "resolved": "https://registry.npmjs.org/bootstrap/-/bootstrap-4.5.0.tgz",
      "integrity": "sha512-Z93QoXvodoVslA+PWNdk23Hze4RBYIkpb5h8I2HY2Tu2h7A0LpAgLcyrhrSUyo2/Oxm2l1fRZPs1e5hnxnliXA=="
    },
    "bootstrap-select": {
      "version": "1.13.18",
      "resolved": "https://registry.npmjs.org/bootstrap-select/-/bootstrap-select-1.13.18.tgz",
      "integrity": "sha512-V1IzK4rxBq5FrJtkzSH6RmFLFBsjx50byFbfAf8jYyXROWs7ZpprGjdHeoyq2HSsHyjJhMMwjsQhRoYAfxCGow=="
    },
    "jquery": {
      "version": "3.5.1",
      "resolved": "https://registry.npmjs.org/jquery/-/jquery-3.5.1.tgz",
      "integrity": "sha512-XwIBPqcMn57FxfT+Go5pzySnm4KWkT1Tv7gjrpT1srtf8Weynl6R273VJ5GjkRb51IzMp5nbaPjJXMWeju2MKg=="
    },
    "jquery-contextmenu": {
      "version": "2.9.2",
      "resolved": "https://registry.npmjs.org/jquery-contextmenu/-/jquery-contextmenu-2.9.2.tgz",
      "integrity": "sha512-6S6sH/08owDStC/7zNwcN366yR0ydX6PmMB0RnjLRQOp7Nc/rqwEHglshfHrrw2kdTev97GXwRXrayDUmToIOw==",
      "requires": {
        "jquery": "^3.5.0"
      }
    },
    "popper.js": {
      "version": "1.16.1",
      "resolved": "https://registry.npmjs.org/popper.js/-/popper.js-1.16.1.tgz",
      "integrity": "sha512-Wb4p1J4zyFTbM+u6WuO4XstYx4Ky9Cewe4DWrel7B0w6VVICvPwdOpotjzcf6eD8TsckVnIMNONQyPIUFOUbCQ=="
    },
    "print-js": {
      "version": "1.0.63",
      "resolved": "https://registry.npmjs.org/print-js/-/print-js-1.0.63.tgz",
      "integrity": "sha512-WKf79bFeqJpwx5vcjvEuL0J1bRVA5QlKQY+usFksOx0WOApSJwQGgMlgM2PVub/R1uUMF4onc2SWRWPNz4R40g=="
    },
    "sweetalert2": {
      "version": "9.15.3",
      "resolved": "https://registry.npmjs.org/sweetalert2/-/sweetalert2-9.15.3.tgz",
      "integrity": "sha512-2DVpt5S6xsrUnZ9U4IWw4JBMOP4YuDtMx/GYTvSvu1mwgkUHV+8so50yEJRSxqWSGkJ0PB6hzqq4J7C9WU2V1w=="
    },
    "timepicker.js": {
      "version": "3.0.0",
      "resolved": "https://registry.npmjs.org/timepicker.js/-/timepicker.js-3.0.0.tgz",
      "integrity": "sha512-ryKq6V5CQlzGTlcEmRPHR6H8szVUeDT/q7Zrib6L+UTSkark+IpClsfxGKAQ5rvAp7aAr3Siz+z06D8dIS6IwQ=="
    },
    "toastr": {
      "version": "2.1.4",
      "resolved": "https://registry.npmjs.org/toastr/-/toastr-2.1.4.tgz",
      "integrity": "sha1-i0O+ZPudDEFIcURvLbjoyk6V8YE=",
      "requires": {
        "jquery": ">=1.12.0"
      }
    }
  }
}
